
Microsoft Visual Studio Solution File, Format Version 12.00
# Visual Studio Version 16
VisualStudioVersion = 16.0.30011.22
MinimumVisualStudioVersion = 10.0.40219.1
Project("{9A19103F-16F7-4668-BE54-9A1E7A4F7556}") = "Sunny_School", "Sunny_School\Sunny_School.csproj", "{E0B367DE-8900-4BC9-BFAE-07E49E2C6B77}"
EndProject
Project("{9A19103F-16F7-4668-BE54-9A1E7A4F7556}") = "Sunny_School.Models", "EnergyController.Models\Sunny_School.Models.csproj", "{CFABF6AF-810D-4130-92B9-3329C9D18B5B}"
EndProject
Project("{9A19103F-16F7-4668-BE54-9A1E7A4F7556}") = "Sunny_School.Services", "EnergyController.Services\Sunny_School.Services.csproj", "{ADB7EF1F-CB15-4037-AD58-C7F4890C88A5}"
EndProject
Global
	GlobalSection(SolutionConfigurationPlatforms) = preSolution
		Debug|Any CPU = Debug|Any CPU
		Release|Any CPU = Release|Any CPU
	EndGlobalSection
	GlobalSection(ProjectConfigurationPlatforms) = postSolution
		{E0B367DE-8900-4BC9-BFAE-07E49E2C6B77}.Debug|Any CPU.ActiveCfg = Debug|Any CPU
		{E0B367DE-8900-4BC9-BFAE-07E49E2C6B77}.Debug|Any CPU.Build.0 = Debug|Any CPU
		{E0B367DE-8900-4BC9-BFAE-07E49E2C6B77}.Release|Any CPU.ActiveCfg = Release|Any CPU
		{E0B367DE-8900-4BC9-BFAE-07E49E2C6B77}.Release|Any CPU.Build.0 = Release|Any CPU
		{CFABF6AF-810D-4130-92B9-3329C9D18B5B}.Debug|Any CPU.ActiveCfg = Debug|Any CPU
		{CFABF6AF-810D-4130-92B9-3329C9D18B5B}.Debug|Any CPU.Build.0 = Debug|Any CPU
		{CFABF6AF-810D-4130-92B9-3329C9D18B5B}.Release|Any CPU.ActiveCfg = Release|Any CPU
		{CFABF6AF-810D-4130-92B9-3329C9D18B5B}.Release|Any CPU.Build.0 = Release|Any CPU
		{ADB7EF1F-CB15-4037-AD58-C7F4890C88A5}.Debug|Any CPU.ActiveCfg = Debug|Any CPU
		{ADB7EF1F-CB15-4037-AD58-C7F4890C88A5}.Debug|Any CPU.Build.0 = Debug|Any CPU
		{ADB7EF1F-CB15-4037-AD58-C7F4890C88A5}.Release|Any CPU.ActiveCfg = Release|Any CPU
		{ADB7EF1F-CB15-4037-AD58-C7F4890C88A5}.Release|Any CPU.Build.0 = Release|Any CPU
	EndGlobalSection
	GlobalSection(SolutionProperties) = preSolution
		HideSolutionNode = FALSE
	EndGlobalSection
	GlobalSection(ExtensibilityGlobals) = postSolution
		SolutionGuid = {6C23EA7B-87F9-4CD0-913C-96906C5FF0C8}
	EndGlobalSection
EndGlobal
