
Microsoft Visual Studio Solution File, Format Version 12.00
# Visual Studio Version 16
VisualStudioVersion = 16.0.30225.117
MinimumVisualStudioVersion = 10.0.40219.1
Project("{9A19103F-16F7-4668-BE54-9A1E7A4F7556}") = "Sunny", "Sunny\Sunny.csproj", "{4755789B-6D42-463C-8590-CF75A441E856}"
EndProject
Project("{FAE04EC0-301F-11D3-BF4B-00C04F79EFBC}") = "SunnyModels", "SunnyModels\SunnyModels.csproj", "{15D1AC62-D8BA-4862-AE1F-79C950FEFD9A}"
EndProject
Global
	GlobalSection(SolutionConfigurationPlatforms) = preSolution
		Debug|Any CPU = Debug|Any CPU
		Release|Any CPU = Release|Any CPU
	EndGlobalSection
	GlobalSection(ProjectConfigurationPlatforms) = postSolution
		{4755789B-6D42-463C-8590-CF75A441E856}.Debug|Any CPU.ActiveCfg = Debug|Any CPU
		{4755789B-6D42-463C-8590-CF75A441E856}.Debug|Any CPU.Build.0 = Debug|Any CPU
		{4755789B-6D42-463C-8590-CF75A441E856}.Release|Any CPU.ActiveCfg = Release|Any CPU
		{4755789B-6D42-463C-8590-CF75A441E856}.Release|Any CPU.Build.0 = Release|Any CPU
		{15D1AC62-D8BA-4862-AE1F-79C950FEFD9A}.Debug|Any CPU.ActiveCfg = Debug|Any CPU
		{15D1AC62-D8BA-4862-AE1F-79C950FEFD9A}.Debug|Any CPU.Build.0 = Debug|Any CPU
		{15D1AC62-D8BA-4862-AE1F-79C950FEFD9A}.Release|Any CPU.ActiveCfg = Release|Any CPU
		{15D1AC62-D8BA-4862-AE1F-79C950FEFD9A}.Release|Any CPU.Build.0 = Release|Any CPU
	EndGlobalSection
	GlobalSection(SolutionProperties) = preSolution
		HideSolutionNode = FALSE
	EndGlobalSection
	GlobalSection(ExtensibilityGlobals) = postSolution
		SolutionGuid = {60FC6B58-CF75-485A-8616-11250FA6F70C}
	EndGlobalSection
EndGlobal
